<?xml version="1.0" encoding="utf-8"?>
<Project ToolsVersion="4.0" xmlns="http://schemas.microsoft.com/developer/msbuild/2003">
  <ItemGroup>
    <Filter Include="源文件">
      <UniqueIdentifier>{4FC737F1-C7A5-4376-A066-2A32D752A2FF}</UniqueIdentifier>
      <Extensions>cpp;c;cc;cxx;def;odl;idl;hpj;bat;asm;asmx</Extensions>
    </Filter>
    <Filter Include="头文件">
      <UniqueIdentifier>{93995380-89BD-4b04-88EB-625FBE52EBFB}</UniqueIdentifier>
      <Extensions>h;hh;hpp;hxx;hm;inl;inc;ipp;xsd</Extensions>
    </Filter>
    <Filter Include="资源文件">
      <UniqueIdentifier>{67DA6AB6-F800-4c08-8B7A-83BB121AAD01}</UniqueIdentifier>
      <Extensions>rc;ico;cur;bmp;dlg;rc2;rct;bin;rgs;gif;jpg;jpeg;jpe;resx;tiff;tif;png;wav;mfcribbon-ms</Extensions>
    </Filter>
    <Filter Include="proto_source">
      <UniqueIdentifier>{f84c9038-c2f1-4434-8e3b-937754b83dd8}</UniqueIdentifier>
    </Filter>
    <Filter Include="lib">
      <UniqueIdentifier>{c1d2f0f1-5093-448d-accc-e45c2acda5f9}</UniqueIdentifier>
    </Filter>
    <Filter Include="ThreadPool">
      <UniqueIdentifier>{c2fd947c-dc56-44dd-8677-aef5cc7c2b93}</UniqueIdentifier>
    </Filter>
  </ItemGroup>
  <ItemGroup>
    <ClInclude Include="stdafx.h">
      <Filter>头文件</Filter>
    </ClInclude>
    <ClInclude Include="targetver.h">
      <Filter>头文件</Filter>
    </ClInclude>
    <ClInclude Include="IOCPHelper.h">
      <Filter>头文件</Filter>
    </ClInclude>
    <ClInclude Include="Interface.h">
      <Filter>头文件</Filter>
    </ClInclude>
    <ClInclude Include="CLog.h">
      <Filter>头文件</Filter>
    </ClInclude>
    <ClInclude Include="NetService.h">
      <Filter>头文件</Filter>
    </ClInclude>
    <ClInclude Include="CS_LockGuide.h">
      <Filter>头文件</Filter>
    </ClInclude>
    <ClInclude Include="proto_source\Game60_FishingMessage.pb.h">
      <Filter>proto_source</Filter>
    </ClInclude>
    <ClInclude Include="ThreadPool.h">
      <Filter>头文件</Filter>
    </ClInclude>
  </ItemGroup>
  <ItemGroup>
    <ClCompile Include="stdafx.cpp">
      <Filter>源文件</Filter>
    </ClCompile>
    <ClCompile Include="CHEN_Test.cpp">
      <Filter>源文件</Filter>
    </ClCompile>
    <ClCompile Include="IOCPHelper.cpp">
      <Filter>源文件</Filter>
    </ClCompile>
    <ClCompile Include="CLog.cpp">
      <Filter>源文件</Filter>
    </ClCompile>
    <ClCompile Include="NetService.cpp">
      <Filter>源文件</Filter>
    </ClCompile>
    <ClCompile Include="Global.cpp">
      <Filter>源文件</Filter>
    </ClCompile>
    <ClCompile Include="CS_LockGuide.cpp">
      <Filter>源文件</Filter>
    </ClCompile>
    <ClCompile Include="proto_source\Game60_FishingMessage.pb.cc">
      <Filter>proto_source</Filter>
    </ClCompile>
    <ClCompile Include="ThreadPool.cpp">
      <Filter>源文件</Filter>
    </ClCompile>
  </ItemGroup>
</Project>